
Microsoft Visual Studio Solution File, Format Version 12.00
# Visual Studio Version 17
VisualStudioVersion = 17.7.34031.279
MinimumVisualStudioVersion = 10.0.40219.1
Project("{9A19103F-16F7-4668-BE54-9A1E7A4F7556}") = "RadancyTest", "RadancyTest\RadancyTest.csproj", "{BA506180-7F8A-43E7-87DE-14AFBDDA1D1D}"
EndProject
Project("{FAE04EC0-301F-11D3-BF4B-00C04F79EFBC}") = "BankingSystemTest", "BankingSystemTest\BankingSystemTest.csproj", "{433CF5BA-0E55-4EDB-A8D7-9A47DAF3A1DB}"
	ProjectSection(ProjectDependencies) = postProject
		{BA506180-7F8A-43E7-87DE-14AFBDDA1D1D} = {BA506180-7F8A-43E7-87DE-14AFBDDA1D1D}
	EndProjectSection
EndProject
Global
	GlobalSection(SolutionConfigurationPlatforms) = preSolution
		Debug|Any CPU = Debug|Any CPU
		Release|Any CPU = Release|Any CPU
	EndGlobalSection
	GlobalSection(ProjectConfigurationPlatforms) = postSolution
		{BA506180-7F8A-43E7-87DE-14AFBDDA1D1D}.Debug|Any CPU.ActiveCfg = Debug|Any CPU
		{BA506180-7F8A-43E7-87DE-14AFBDDA1D1D}.Debug|Any CPU.Build.0 = Debug|Any CPU
		{BA506180-7F8A-43E7-87DE-14AFBDDA1D1D}.Release|Any CPU.ActiveCfg = Release|Any CPU
		{BA506180-7F8A-43E7-87DE-14AFBDDA1D1D}.Release|Any CPU.Build.0 = Release|Any CPU
		{433CF5BA-0E55-4EDB-A8D7-9A47DAF3A1DB}.Debug|Any CPU.ActiveCfg = Debug|Any CPU
		{433CF5BA-0E55-4EDB-A8D7-9A47DAF3A1DB}.Debug|Any CPU.Build.0 = Debug|Any CPU
		{433CF5BA-0E55-4EDB-A8D7-9A47DAF3A1DB}.Release|Any CPU.ActiveCfg = Release|Any CPU
		{433CF5BA-0E55-4EDB-A8D7-9A47DAF3A1DB}.Release|Any CPU.Build.0 = Release|Any CPU
	EndGlobalSection
	GlobalSection(SolutionProperties) = preSolution
		HideSolutionNode = FALSE
	EndGlobalSection
	GlobalSection(ExtensibilityGlobals) = postSolution
		SolutionGuid = {9A8101E4-91A3-4E56-8A74-A9ACCFA2E363}
	EndGlobalSection
EndGlobal
